
Microsoft Visual Studio Solution File, Format Version 12.00
# Visual Studio Version 17
VisualStudioVersion = 17.3.32901.215
MinimumVisualStudioVersion = 10.0.40219.1
Project("{8BC9CEB8-8B4A-11D0-8D11-00A0C91BC942}") = "Rinha", "Rinha\Rinha.vcxproj", "{559AD207-4C6D-4F20-8CC8-847760C4E23C}"
EndProject
Project("{8BC9CEB8-8B4A-11D0-8D11-00A0C91BC942}") = "SeraQueServer", "SeraQueServer\SeraQueServer.vcxproj", "{5E6807EE-119A-4ADB-AF77-E4FBE8FD6283}"
EndProject
Global
	GlobalSection(SolutionConfigurationPlatforms) = preSolution
		Debug|x64 = Debug|x64
		Debug|x86 = Debug|x86
		Release|x64 = Release|x64
		Release|x86 = Release|x86
	EndGlobalSection
	GlobalSection(ProjectConfigurationPlatforms) = postSolution
		{559AD207-4C6D-4F20-8CC8-847760C4E23C}.Debug|x64.ActiveCfg = Debug|x64
		{559AD207-4C6D-4F20-8CC8-847760C4E23C}.Debug|x64.Build.0 = Debug|x64
		{559AD207-4C6D-4F20-8CC8-847760C4E23C}.Debug|x86.ActiveCfg = Debug|Win32
		{559AD207-4C6D-4F20-8CC8-847760C4E23C}.Debug|x86.Build.0 = Debug|Win32
		{559AD207-4C6D-4F20-8CC8-847760C4E23C}.Release|x64.ActiveCfg = Release|x64
		{559AD207-4C6D-4F20-8CC8-847760C4E23C}.Release|x64.Build.0 = Release|x64
		{559AD207-4C6D-4F20-8CC8-847760C4E23C}.Release|x86.ActiveCfg = Release|Win32
		{559AD207-4C6D-4F20-8CC8-847760C4E23C}.Release|x86.Build.0 = Release|Win32
		{5E6807EE-119A-4ADB-AF77-E4FBE8FD6283}.Debug|x64.ActiveCfg = Debug|x64
		{5E6807EE-119A-4ADB-AF77-E4FBE8FD6283}.Debug|x64.Build.0 = Debug|x64
		{5E6807EE-119A-4ADB-AF77-E4FBE8FD6283}.Debug|x86.ActiveCfg = Debug|Win32
		{5E6807EE-119A-4ADB-AF77-E4FBE8FD6283}.Debug|x86.Build.0 = Debug|Win32
		{5E6807EE-119A-4ADB-AF77-E4FBE8FD6283}.Release|x64.ActiveCfg = Release|x64
		{5E6807EE-119A-4ADB-AF77-E4FBE8FD6283}.Release|x64.Build.0 = Release|x64
		{5E6807EE-119A-4ADB-AF77-E4FBE8FD6283}.Release|x86.ActiveCfg = Release|Win32
		{5E6807EE-119A-4ADB-AF77-E4FBE8FD6283}.Release|x86.Build.0 = Release|Win32
	EndGlobalSection
	GlobalSection(SolutionProperties) = preSolution
		HideSolutionNode = FALSE
	EndGlobalSection
	GlobalSection(ExtensibilityGlobals) = postSolution
		SolutionGuid = {551F05B2-95E3-4D9D-8EA0-022158786614}
	EndGlobalSection
EndGlobal
