<?xml version="1.0" encoding="utf-8"?>
<Project ToolsVersion="4.0" xmlns="http://schemas.microsoft.com/developer/msbuild/2003">
  <ItemGroup>
    <ClCompile Include="Galo.cpp" />
    <ClCompile Include="Rinha.cpp" />
  </ItemGroup>
  <ItemGroup>
    <ClInclude Include="Briga.h" />
    <ClInclude Include="cardapio.h" />
    <ClInclude Include="checador_de_posicao.h" />
    <ClInclude Include="efeitos_fodas.h" />
    <ClInclude Include="Elementos.h" />
    <ClInclude Include="entradas.h" />
    <ClInclude Include="fregues.h" />
    <ClInclude Include="Galo.h" />
    <ClInclude Include="GaloBruxo.h" />
    <ClInclude Include="galoKalsa.h" />
    <ClInclude Include="GaloSniper.h" />
    <ClInclude Include="IAtaques.h" />
    <ClInclude Include="jogador_de_video.h" />
    <ClInclude Include="Math2.h" />
    <ClInclude Include="menu_inicial.h" />
    <ClInclude Include="muitosjogadores.h" />
    <ClInclude Include="Patinho\Fps.h" />
    <ClInclude Include="Patinho\jogoDoPatinho.h" />
    <ClInclude Include="Patinho\Patinho.h" />
    <ClInclude Include="Patinho\RoosterPato.h" />
    <ClInclude Include="Sangue.h" />
    <ClInclude Include="TilesDoArrocha.h" />
    <ClInclude Include="introducoes.h" />
    <ClInclude Include="galoPeste.h" />
    <ClInclude Include="varios_idiomas.h" />
    <ClInclude Include="GaloBota.h" />
    <ClInclude Include="selecao_de_mapa_falida.h" />
    <ClInclude Include="server_connect.h" />
    <ClInclude Include="textBox.h" />
    <ClInclude Include="pause_menu.h" />
  </ItemGroup>
</Project>